// !$*UTF8*$!
{
	archiveVersion = 1;
	classes = {
	};
	objectVersion = 46;
	objects = {

/* Begin PBXBuildFile section */
		B0A5506418520F9900AF10F4 /* Foundation.framework in Frameworks */ = {isa = PBXBuildFile; fileRef = B0A5506318520F9900AF10F4 /* Foundation.framework */; };
		B0A5506618520F9900AF10F4 /* CoreGraphics.framework in Frameworks */ = {isa = PBXBuildFile; fileRef = B0A5506518520F9900AF10F4 /* CoreGraphics.framework */; };
		B0A5506818520F9900AF10F4 /* UIKit.framework in Frameworks */ = {isa = PBXBuildFile; fileRef = B0A5506718520F9900AF10F4 /* UIKit.framework */; };
		B0A5506E18520F9900AF10F4 /* InfoPlist.strings in Resources */ = {isa = PBXBuildFile; fileRef = B0A5506C18520F9900AF10F4 /* InfoPlist.strings */; };
		B0A5507018520F9900AF10F4 /* main.m in Sources */ = {isa = PBXBuildFile; fileRef = B0A5506F18520F9900AF10F4 /* main.m */; };
		B0A5507418520F9900AF10F4 /* XYZAppDelegate.m in Sources */ = {isa = PBXBuildFile; fileRef = B0A5507318520F9900AF10F4 /* XYZAppDelegate.m */; };
		B0A5507618520F9900AF10F4 /* Images.xcassets in Resources */ = {isa = PBXBuildFile; fileRef = B0A5507518520F9900AF10F4 /* Images.xcassets */; };
		B0A5507D18520F9900AF10F4 /* XCTest.framework in Frameworks */ = {isa = PBXBuildFile; fileRef = B0A5507C18520F9900AF10F4 /* XCTest.framework */; };
		B0A5507E18520F9900AF10F4 /* Foundation.framework in Frameworks */ = {isa = PBXBuildFile; fileRef = B0A5506318520F9900AF10F4 /* Foundation.framework */; };
		B0A5507F18520F9900AF10F4 /* UIKit.framework in Frameworks */ = {isa = PBXBuildFile; fileRef = B0A5506718520F9900AF10F4 /* UIKit.framework */; };
		B0A5508718520F9900AF10F4 /* InfoPlist.strings in Resources */ = {isa = PBXBuildFile; fileRef = B0A5508518520F9900AF10F4 /* InfoPlist.strings */; };
		B0A5508918520F9900AF10F4 /* SSLTests.m in Sources */ = {isa = PBXBuildFile; fileRef = B0A5508818520F9900AF10F4 /* SSLTests.m */; };
		B0A5509518520FAE00AF10F4 /* XYZSSLViewController.m in Sources */ = {isa = PBXBuildFile; fileRef = B0A5509318520FAE00AF10F4 /* XYZSSLViewController.m */; };
		B0A5509618520FAE00AF10F4 /* XYZSSLViewController.xib in Resources */ = {isa = PBXBuildFile; fileRef = B0A5509418520FAE00AF10F4 /* XYZSSLViewController.xib */; };
/* End PBXBuildFile section */

/* Begin PBXContainerItemProxy section */
		B0A5508018520F9900AF10F4 /* PBXContainerItemProxy */ = {
			isa = PBXContainerItemProxy;
			containerPortal = B0A5505818520F9900AF10F4 /* Project object */;
			proxyType = 1;
			remoteGlobalIDString = B0A5505F18520F9900AF10F4;
			remoteInfo = SSL;
		};
/* End PBXContainerItemProxy section */

/* Begin PBXFileReference section */
		B0A5506018520F9900AF10F4 /* SSL.app */ = {isa = PBXFileReference; explicitFileType = wrapper.application; includeInIndex = 0; path = SSL.app; sourceTree = BUILT_PRODUCTS_DIR; };
		B0A5506318520F9900AF10F4 /* Foundation.framework */ = {isa = PBXFileReference; lastKnownFileType = wrapper.framework; name = Foundation.framework; path = System/Library/Frameworks/Foundation.framework; sourceTree = SDKROOT; };
		B0A5506518520F9900AF10F4 /* CoreGraphics.framework */ = {isa = PBXFileReference; lastKnownFileType = wrapper.framework; name = CoreGraphics.framework; path = System/Library/Frameworks/CoreGraphics.framework; sourceTree = SDKROOT; };
		B0A5506718520F9900AF10F4 /* UIKit.framework */ = {isa = PBXFileReference; lastKnownFileType = wrapper.framework; name = UIKit.framework; path = System/Library/Frameworks/UIKit.framework; sourceTree = SDKROOT; };
		B0A5506B18520F9900AF10F4 /* SSL-Info.plist */ = {isa = PBXFileReference; lastKnownFileType = text.plist.xml; path = "SSL-Info.plist"; sourceTree = "<group>"; };
		B0A5506D18520F9900AF10F4 /* en */ = {isa = PBXFileReference; lastKnownFileType = text.plist.strings; name = en; path = en.lproj/InfoPlist.strings; sourceTree = "<group>"; };
		B0A5506F18520F9900AF10F4 /* main.m */ = {isa = PBXFileReference; lastKnownFileType = sourcecode.c.objc; path = main.m; sourceTree = "<group>"; };
		B0A5507118520F9900AF10F4 /* SSL-Prefix.pch */ = {isa = PBXFileReference; lastKnownFileType = sourcecode.c.h; path = "SSL-Prefix.pch"; sourceTree = "<group>"; };
		B0A5507218520F9900AF10F4 /* XYZAppDelegate.h */ = {isa = PBXFileReference; lastKnownFileType = sourcecode.c.h; path = XYZAppDelegate.h; sourceTree = "<group>"; };
		B0A5507318520F9900AF10F4 /* XYZAppDelegate.m */ = {isa = PBXFileReference; lastKnownFileType = sourcecode.c.objc; path = XYZAppDelegate.m; sourceTree = "<group>"; };
		B0A5507518520F9900AF10F4 /* Images.xcassets */ = {isa = PBXFileReference; lastKnownFileType = folder.assetcatalog; path = Images.xcassets; sourceTree = "<group>"; };
		B0A5507B18520F9900AF10F4 /* SSLTests.xctest */ = {isa = PBXFileReference; explicitFileType = wrapper.cfbundle; includeInIndex = 0; path = SSLTests.xctest; sourceTree = BUILT_PRODUCTS_DIR; };
		B0A5507C18520F9900AF10F4 /* XCTest.framework */ = {isa = PBXFileReference; lastKnownFileType = wrapper.framework; name = XCTest.framework; path = Library/Frameworks/XCTest.framework; sourceTree = DEVELOPER_DIR; };
		B0A5508418520F9900AF10F4 /* SSLTests-Info.plist */ = {isa = PBXFileReference; lastKnownFileType = text.plist.xml; path = "SSLTests-Info.plist"; sourceTree = "<group>"; };
		B0A5508618520F9900AF10F4 /* en */ = {isa = PBXFileReference; lastKnownFileType = text.plist.strings; name = en; path = en.lproj/InfoPlist.strings; sourceTree = "<group>"; };
		B0A5508818520F9900AF10F4 /* SSLTests.m */ = {isa = PBXFileReference; lastKnownFileType = sourcecode.c.objc; path = SSLTests.m; sourceTree = "<group>"; };
		B0A5509218520FAE00AF10F4 /* XYZSSLViewController.h */ = {isa = PBXFileReference; fileEncoding = 4; lastKnownFileType = sourcecode.c.h; path = XYZSSLViewController.h; sourceTree = "<group>"; };
		B0A5509318520FAE00AF10F4 /* XYZSSLViewController.m */ = {isa = PBXFileReference; fileEncoding = 4; lastKnownFileType = sourcecode.c.objc; path = XYZSSLViewController.m; sourceTree = "<group>"; };
		B0A5509418520FAE00AF10F4 /* XYZSSLViewController.xib */ = {isa = PBXFileReference; fileEncoding = 4; lastKnownFileType = file.xib; path = XYZSSLViewController.xib; sourceTree = "<group>"; };
/* End PBXFileReference section */

/* Begin PBXFrameworksBuildPhase section */
		B0A5505D18520F9900AF10F4 /* Frameworks */ = {
			isa = PBXFrameworksBuildPhase;
			buildActionMask = 2147483647;
			files = (
				B0A5506618520F9900AF10F4 /* CoreGraphics.framework in Frameworks */,
				B0A5506818520F9900AF10F4 /* UIKit.framework in Frameworks */,
				B0A5506418520F9900AF10F4 /* Foundation.framework in Frameworks */,
			);
			runOnlyForDeploymentPostprocessing = 0;
		};
		B0A5507818520F9900AF10F4 /* Frameworks */ = {
			isa = PBXFrameworksBuildPhase;
			buildActionMask = 2147483647;
			files = (
				B0A5507D18520F9900AF10F4 /* XCTest.framework in Frameworks */,
				B0A5507F18520F9900AF10F4 /* UIKit.framework in Frameworks */,
				B0A5507E18520F9900AF10F4 /* Foundation.framework in Frameworks */,
			);
			runOnlyForDeploymentPostprocessing = 0;
		};
/* End PBXFrameworksBuildPhase section */

/* Begin PBXGroup section */
		B0A5505718520F9900AF10F4 = {
			isa = PBXGroup;
			children = (
				B0A5506918520F9900AF10F4 /* SSL */,
				B0A5508218520F9900AF10F4 /* SSLTests */,
				B0A5506218520F9900AF10F4 /* Frameworks */,
				B0A5506118520F9900AF10F4 /* Products */,
			);
			sourceTree = "<group>";
		};
		B0A5506118520F9900AF10F4 /* Products */ = {
			isa = PBXGroup;
			children = (
				B0A5506018520F9900AF10F4 /* SSL.app */,
				B0A5507B18520F9900AF10F4 /* SSLTests.xctest */,
			);
			name = Products;
			sourceTree = "<group>";
		};
		B0A5506218520F9900AF10F4 /* Frameworks */ = {
			isa = PBXGroup;
			children = (
				B0A5506318520F9900AF10F4 /* Foundation.framework */,
				B0A5506518520F9900AF10F4 /* CoreGraphics.framework */,
				B0A5506718520F9900AF10F4 /* UIKit.framework */,
				B0A5507C18520F9900AF10F4 /* XCTest.framework */,
			);
			name = Frameworks;
			sourceTree = "<group>";
		};
		B0A5506918520F9900AF10F4 /* SSL */ = {
			isa = PBXGroup;
			children = (
				B0A5507218520F9900AF10F4 /* XYZAppDelegate.h */,
				B0A5507318520F9900AF10F4 /* XYZAppDelegate.m */,
				B0A5509218520FAE00AF10F4 /* XYZSSLViewController.h */,
				B0A5509318520FAE00AF10F4 /* XYZSSLViewController.m */,
				B0A5509418520FAE00AF10F4 /* XYZSSLViewController.xib */,
				B0A5507518520F9900AF10F4 /* Images.xcassets */,
				B0A5506A18520F9900AF10F4 /* Supporting Files */,
			);
			path = SSL;
			sourceTree = "<group>";
		};
		B0A5506A18520F9900AF10F4 /* Supporting Files */ = {
			isa = PBXGroup;
			children = (
				B0A5506B18520F9900AF10F4 /* SSL-Info.plist */,
				B0A5506C18520F9900AF10F4 /* InfoPlist.strings */,
				B0A5506F18520F9900AF10F4 /* main.m */,
				B0A5507118520F9900AF10F4 /* SSL-Prefix.pch */,
			);
			name = "Supporting Files";
			sourceTree = "<group>";
		};
		B0A5508218520F9900AF10F4 /* SSLTests */ = {
			isa = PBXGroup;
			children = (
				B0A5508818520F9900AF10F4 /* SSLTests.m */,
				B0A5508318520F9900AF10F4 /* Supporting Files */,
			);
			path = SSLTests;
			sourceTree = "<group>";
		};
		B0A5508318520F9900AF10F4 /* Supporting Files */ = {
			isa = PBXGroup;
			children = (
				B0A5508418520F9900AF10F4 /* SSLTests-Info.plist */,
				B0A5508518520F9900AF10F4 /* InfoPlist.strings */,
			);
			name = "Supporting Files";
			sourceTree = "<group>";
		};
/* End PBXGroup section */

/* Begin PBXNativeTarget section */
		B0A5505F18520F9900AF10F4 /* SSL */ = {
			isa = PBXNativeTarget;
			buildConfigurationList = B0A5508C18520F9900AF10F4 /* Build configuration list for PBXNativeTarget "SSL" */;
			buildPhases = (
				B0A5505C18520F9900AF10F4 /* Sources */,
				B0A5505D18520F9900AF10F4 /* Frameworks */,
				B0A5505E18520F9900AF10F4 /* Resources */,
			);
			buildRules = (
			);
			dependencies = (
			);
			name = SSL;
			productName = SSL;
			productReference = B0A5506018520F9900AF10F4 /* SSL.app */;
			productType = "com.apple.product-type.application";
		};
		B0A5507A18520F9900AF10F4 /* SSLTests */ = {
			isa = PBXNativeTarget;
			buildConfigurationList = B0A5508F18520F9900AF10F4 /* Build configuration list for PBXNativeTarget "SSLTests" */;
			buildPhases = (
				B0A5507718520F9900AF10F4 /* Sources */,
				B0A5507818520F9900AF10F4 /* Frameworks */,
				B0A5507918520F9900AF10F4 /* Resources */,
			);
			buildRules = (
			);
			dependencies = (
				B0A5508118520F9900AF10F4 /* PBXTargetDependency */,
			);
			name = SSLTests;
			productName = SSLTests;
			productReference = B0A5507B18520F9900AF10F4 /* SSLTests.xctest */;
			productType = "com.apple.product-type.bundle.unit-test";
		};
/* End PBXNativeTarget section */

/* Begin PBXProject section */
		B0A5505818520F9900AF10F4 /* Project object */ = {
			isa = PBXProject;
			attributes = {
				CLASSPREFIX = XYZ;
				LastUpgradeCheck = 0500;
				ORGANIZATIONNAME = PVS;
				TargetAttributes = {
					B0A5507A18520F9900AF10F4 = {
						TestTargetID = B0A5505F18520F9900AF10F4;
					};
				};
			};
			buildConfigurationList = B0A5505B18520F9900AF10F4 /* Build configuration list for PBXProject "SSL" */;
			compatibilityVersion = "Xcode 3.2";
			developmentRegion = English;
			hasScannedForEncodings = 0;
			knownRegions = (
				en,
			);
			mainGroup = B0A5505718520F9900AF10F4;
			productRefGroup = B0A5506118520F9900AF10F4 /* Products */;
			projectDirPath = "";
			projectRoot = "";
			targets = (
				B0A5505F18520F9900AF10F4 /* SSL */,
				B0A5507A18520F9900AF10F4 /* SSLTests */,
			);
		};
/* End PBXProject section */

/* Begin PBXResourcesBuildPhase section */
		B0A5505E18520F9900AF10F4 /* Resources */ = {
			isa = PBXResourcesBuildPhase;
			buildActionMask = 2147483647;
			files = (
				B0A5506E18520F9900AF10F4 /* InfoPlist.strings in Resources */,
				B0A5509618520FAE00AF10F4 /* XYZSSLViewController.xib in Resources */,
				B0A5507618520F9900AF10F4 /* Images.xcassets in Resources */,
			);
			runOnlyForDeploymentPostprocessing = 0;
		};
		B0A5507918520F9900AF10F4 /* Resources */ = {
			isa = PBXResourcesBuildPhase;
			buildActionMask = 2147483647;
			files = (
				B0A5508718520F9900AF10F4 /* InfoPlist.strings in Resources */,
			);
			runOnlyForDeploymentPostprocessing = 0;
		};
/* End PBXResourcesBuildPhase section */

/* Begin PBXSourcesBuildPhase section */
		B0A5505C18520F9900AF10F4 /* Sources */ = {
			isa = PBXSourcesBuildPhase;
			buildActionMask = 2147483647;
			files = (
				B0A5507418520F9900AF10F4 /* XYZAppDelegate.m in Sources */,
				B0A5507018520F9900AF10F4 /* main.m in Sources */,
				B0A5509518520FAE00AF10F4 /* XYZSSLViewController.m in Sources */,
			);
			runOnlyForDeploymentPostprocessing = 0;
		};
		B0A5507718520F9900AF10F4 /* Sources */ = {
			isa = PBXSourcesBuildPhase;
			buildActionMask = 2147483647;
			files = (
				B0A5508918520F9900AF10F4 /* SSLTests.m in Sources */,
			);
			runOnlyForDeploymentPostprocessing = 0;
		};
/* End PBXSourcesBuildPhase section */

/* Begin PBXTargetDependency section */
		B0A5508118520F9900AF10F4 /* PBXTargetDependency */ = {
			isa = PBXTargetDependency;
			target = B0A5505F18520F9900AF10F4 /* SSL */;
			targetProxy = B0A5508018520F9900AF10F4 /* PBXContainerItemProxy */;
		};
/* End PBXTargetDependency section */

/* Begin PBXVariantGroup section */
		B0A5506C18520F9900AF10F4 /* InfoPlist.strings */ = {
			isa = PBXVariantGroup;
			children = (
				B0A5506D18520F9900AF10F4 /* en */,
			);
			name = InfoPlist.strings;
			sourceTree = "<group>";
		};
		B0A5508518520F9900AF10F4 /* InfoPlist.strings */ = {
			isa = PBXVariantGroup;
			children = (
				B0A5508618520F9900AF10F4 /* en */,
			);
			name = InfoPlist.strings;
			sourceTree = "<group>";
		};
/* End PBXVariantGroup section */

/* Begin XCBuildConfiguration section */
		B0A5508A18520F9900AF10F4 /* Debug */ = {
			isa = XCBuildConfiguration;
			buildSettings = {
				ALWAYS_SEARCH_USER_PATHS = NO;
				ARCHS = "$(ARCHS_STANDARD_INCLUDING_64_BIT)";
				CLANG_CXX_LANGUAGE_STANDARD = "gnu++0x";
				CLANG_CXX_LIBRARY = "libc++";
				CLANG_ENABLE_MODULES = YES;
				CLANG_ENABLE_OBJC_ARC = YES;
				CLANG_WARN_BOOL_CONVERSION = YES;
				CLANG_WARN_CONSTANT_CONVERSION = YES;
				CLANG_WARN_DIRECT_OBJC_ISA_USAGE = YES_ERROR;
				CLANG_WARN_EMPTY_BODY = YES;
				CLANG_WARN_ENUM_CONVERSION = YES;
				CLANG_WARN_INT_CONVERSION = YES;
				CLANG_WARN_OBJC_ROOT_CLASS = YES_ERROR;
				CLANG_WARN__DUPLICATE_METHOD_MATCH = YES;
				"CODE_SIGN_IDENTITY[sdk=iphoneos*]" = "iPhone Developer";
				COPY_PHASE_STRIP = NO;
				GCC_C_LANGUAGE_STANDARD = gnu99;
				GCC_DYNAMIC_NO_PIC = NO;
				GCC_OPTIMIZATION_LEVEL = 0;
				GCC_PREPROCESSOR_DEFINITIONS = (
					"DEBUG=1",
					"$(inherited)",
				);
				GCC_SYMBOLS_PRIVATE_EXTERN = NO;
				GCC_WARN_64_TO_32_BIT_CONVERSION = YES;
				GCC_WARN_ABOUT_RETURN_TYPE = YES_ERROR;
				GCC_WARN_UNDECLARED_SELECTOR = YES;
				GCC_WARN_UNINITIALIZED_AUTOS = YES;
				GCC_WARN_UNUSED_FUNCTION = YES;
				GCC_WARN_UNUSED_VARIABLE = YES;
				IPHONEOS_DEPLOYMENT_TARGET = 7.0;
				ONLY_ACTIVE_ARCH = YES;
				SDKROOT = iphoneos;
				TARGETED_DEVICE_FAMILY = "1,2";
			};
			name = Debug;
		};
		B0A5508B18520F9900AF10F4 /* Release */ = {
			isa = XCBuildConfiguration;
			buildSettings = {
				ALWAYS_SEARCH_USER_PATHS = NO;
				ARCHS = "$(ARCHS_STANDARD_INCLUDING_64_BIT)";
				CLANG_CXX_LANGUAGE_STANDARD = "gnu++0x";
				CLANG_CXX_LIBRARY = "libc++";
				CLANG_ENABLE_MODULES = YES;
				CLANG_ENABLE_OBJC_ARC = YES;
				CLANG_WARN_BOOL_CONVERSION = YES;
				CLANG_WARN_CONSTANT_CONVERSION = YES;
				CLANG_WARN_DIRECT_OBJC_ISA_USAGE = YES_ERROR;
				CLANG_WARN_EMPTY_BODY = YES;
				CLANG_WARN_ENUM_CONVERSION = YES;
				CLANG_WARN_INT_CONVERSION = YES;
				CLANG_WARN_OBJC_ROOT_CLASS = YES_ERROR;
				CLANG_WARN__DUPLICATE_METHOD_MATCH = YES;
				"CODE_SIGN_IDENTITY[sdk=iphoneos*]" = "iPhone Developer";
				COPY_PHASE_STRIP = YES;
				ENABLE_NS_ASSERTIONS = NO;
				GCC_C_LANGUAGE_STANDARD = gnu99;
				GCC_WARN_64_TO_32_BIT_CONVERSION = YES;
				GCC_WARN_ABOUT_RETURN_TYPE = YES_ERROR;
				GCC_WARN_UNDECLARED_SELECTOR = YES;
				GCC_WARN_UNINITIALIZED_AUTOS = YES;
				GCC_WARN_UNUSED_FUNCTION = YES;
				GCC_WARN_UNUSED_VARIABLE = YES;
				IPHONEOS_DEPLOYMENT_TARGET = 7.0;
				SDKROOT = iphoneos;
				TARGETED_DEVICE_FAMILY = "1,2";
				VALIDATE_PRODUCT = YES;
			};
			name = Release;
		};
		B0A5508D18520F9900AF10F4 /* Debug */ = {
			isa = XCBuildConfiguration;
			buildSettings = {
				ASSETCATALOG_COMPILER_APPICON_NAME = AppIcon;
				ASSETCATALOG_COMPILER_LAUNCHIMAGE_NAME = LaunchImage;
				GCC_PRECOMPILE_PREFIX_HEADER = YES;
				GCC_PREFIX_HEADER = "SSL/SSL-Prefix.pch";
				INFOPLIST_FILE = "SSL/SSL-Info.plist";
				PRODUCT_NAME = "$(TARGET_NAME)";
				WRAPPER_EXTENSION = app;
			};
			name = Debug;
		};
		B0A5508E18520F9900AF10F4 /* Release */ = {
			isa = XCBuildConfiguration;
			buildSettings = {
				ASSETCATALOG_COMPILER_APPICON_NAME = AppIcon;
				ASSETCATALOG_COMPILER_LAUNCHIMAGE_NAME = LaunchImage;
				GCC_PRECOMPILE_PREFIX_HEADER = YES;
				GCC_PREFIX_HEADER = "SSL/SSL-Prefix.pch";
				INFOPLIST_FILE = "SSL/SSL-Info.plist";
				PRODUCT_NAME = "$(TARGET_NAME)";
				WRAPPER_EXTENSION = app;
			};
			name = Release;
		};
		B0A5509018520F9900AF10F4 /* Debug */ = {
			isa = XCBuildConfiguration;
			buildSettings = {
				ARCHS = "$(ARCHS_STANDARD_INCLUDING_64_BIT)";
				BUNDLE_LOADER = "$(BUILT_PRODUCTS_DIR)/SSL.app/SSL";
				FRAMEWORK_SEARCH_PATHS = (
					"$(SDKROOT)/Developer/Library/Frameworks",
					"$(inherited)",
					"$(DEVELOPER_FRAMEWORKS_DIR)",
				);
				GCC_PRECOMPILE_PREFIX_HEADER = YES;
				GCC_PREFIX_HEADER = "SSL/SSL-Prefix.pch";
				GCC_PREPROCESSOR_DEFINITIONS = (
					"DEBUG=1",
					"$(inherited)",
				);
				INFOPLIST_FILE = "SSLTests/SSLTests-Info.plist";
				PRODUCT_NAME = "$(TARGET_NAME)";
				TEST_HOST = "$(BUNDLE_LOADER)";
				WRAPPER_EXTENSION = xctest;
			};
			name = Debug;
		};
		B0A5509118520F9900AF10F4 /* Release */ = {
			isa = XCBuildConfiguration;
			buildSettings = {
				ARCHS = "$(ARCHS_STANDARD_INCLUDING_64_BIT)";
				BUNDLE_LOADER = "$(BUILT_PRODUCTS_DIR)/SSL.app/SSL";
				FRAMEWORK_SEARCH_PATHS = (
					"$(SDKROOT)/Developer/Library/Frameworks",
					"$(inherited)",
					"$(DEVELOPER_FRAMEWORKS_DIR)",
				);
				GCC_PRECOMPILE_PREFIX_HEADER = YES;
				GCC_PREFIX_HEADER = "SSL/SSL-Prefix.pch";
				INFOPLIST_FILE = "SSLTests/SSLTests-Info.plist";
				PRODUCT_NAME = "$(TARGET_NAME)";
				TEST_HOST = "$(BUNDLE_LOADER)";
				WRAPPER_EXTENSION = xctest;
			};
			name = Release;
		};
/* End XCBuildConfiguration section */

/* Begin XCConfigurationList section */
		B0A5505B18520F9900AF10F4 /* Build configuration list for PBXProject "SSL" */ = {
			isa = XCConfigurationList;
			buildConfigurations = (
				B0A5508A18520F9900AF10F4 /* Debug */,
				B0A5508B18520F9900AF10F4 /* Release */,
			);
			defaultConfigurationIsVisible = 0;
			defaultConfigurationName = Release;
		};
		B0A5508C18520F9900AF10F4 /* Build configuration list for PBXNativeTarget "SSL" */ = {
			isa = XCConfigurationList;
			buildConfigurations = (
				B0A5508D18520F9900AF10F4 /* Debug */,
				B0A5508E18520F9900AF10F4 /* Release */,
			);
			defaultConfigurationIsVisible = 0;
		};
		B0A5508F18520F9900AF10F4 /* Build configuration list for PBXNativeTarget "SSLTests" */ = {
			isa = XCConfigurationList;
			buildConfigurations = (
				B0A5509018520F9900AF10F4 /* Debug */,
				B0A5509118520F9900AF10F4 /* Release */,
			);
			defaultConfigurationIsVisible = 0;
		};
/* End XCConfigurationList section */
	};
	rootObject = B0A5505818520F9900AF10F4 /* Project object */;
}
